<?xml version="1.0" encoding="utf-8"?>
<Project ToolsVersion="Current" xmlns="http://schemas.microsoft.com/developer/msbuild/2003">
  <ItemGroup>
    <ClCompile Include="Main.cpp" />
    <ClCompile Include="imgui\imgui.cpp">
      <Filter>ImGui</Filter>
    </ClCompile>
    <ClCompile Include="imgui\imgui_demo.cpp">
      <Filter>ImGui</Filter>
    </ClCompile>
    <ClCompile Include="imgui\imgui_draw.cpp">
      <Filter>ImGui</Filter>
    </ClCompile>
    <ClCompile Include="imgui\imgui_tables.cpp">
      <Filter>ImGui</Filter>
    </ClCompile>
    <ClCompile Include="imgui\imgui_widgets.cpp">
      <Filter>ImGui</Filter>
    </ClCompile>
    <ClCompile Include="imgui\backends\imgui_impl_glfw.cpp">
      <Filter>ImGui\backends</Filter>
    </ClCompile>
    <ClCompile Include="imgui\backends\imgui_impl_opengl3.cpp">
      <Filter>ImGui\backends</Filter>
    </ClCompile>
    <ClCompile Include="imgui\misc\cpp\imgui_stdlib.cpp">
      <Filter>ImGui\misc\cpp</Filter>
    </ClCompile>
    <ClCompile Include="imgui\misc\freetype\imgui_freetype.cpp">
      <Filter>ImGui\misc\freetype</Filter>
    </ClCompile>
    <ClCompile Include="Source\Utils\UtlImage.hpp" />
    <ClCompile Include="Source\Utils\BspParser.cpp" />
    <ClCompile Include="Precompiled.cpp" />
    <ClCompile Include="Source\Structures\BotProfile_t.cpp">
      <Filter>Classes</Filter>
    </ClCompile>
    <ClCompile Include="Source\Structures\CareerGame_t.cpp">
      <Filter>Classes</Filter>
    </ClCompile>
    <ClCompile Include="Source\Structures\Locus_t.cpp">
      <Filter>Classes</Filter>
    </ClCompile>
    <ClCompile Include="Source\Structures\Map_t.cpp">
      <Filter>Classes</Filter>
    </ClCompile>
    <ClCompile Include="Source\Structures\Task_t.cpp">
      <Filter>Classes</Filter>
    </ClCompile>
    <ClCompile Include="Source\Namespaces\BotProfileMgr.cpp">
      <Filter>Namespaces</Filter>
    </ClCompile>
    <ClCompile Include="Source\Namespaces\CZFile.cpp">
      <Filter>Namespaces</Filter>
    </ClCompile>
    <ClCompile Include="Source\Namespaces\Maps.cpp">
      <Filter>Namespaces</Filter>
    </ClCompile>
    <ClCompile Include="Source\Namespaces\MissionPack.cpp">
      <Filter>Namespaces</Filter>
    </ClCompile>
    <ClCompile Include="Source\Gui\Gui_Locations.cpp">
      <Filter>Gui</Filter>
    </ClCompile>
    <ClCompile Include="Source\Gui\Gui_BotProfile.cpp">
      <Filter>Gui</Filter>
    </ClCompile>
    <ClCompile Include="Source\Gui\Gui_Maps.cpp">
      <Filter>Gui</Filter>
    </ClCompile>
    <ClCompile Include="Source\Gui\Gui_ZipProgress.cpp">
      <Filter>Gui</Filter>
    </ClCompile>
    <ClCompile Include="Source\Gui\Gui.cpp">
      <Filter>Gui</Filter>
    </ClCompile>
    <ClCompile Include="Hydrogenium\UtlArithmetic.ixx">
      <Filter>Hydrogenium</Filter>
    </ClCompile>
    <ClCompile Include="Hydrogenium\UtlBuffer.ixx">
      <Filter>Hydrogenium</Filter>
    </ClCompile>
    <ClCompile Include="Hydrogenium\UtlColor.ixx">
      <Filter>Hydrogenium</Filter>
    </ClCompile>
    <ClCompile Include="Hydrogenium\UtlFileSystem.ixx">
      <Filter>Hydrogenium</Filter>
    </ClCompile>
    <ClCompile Include="Hydrogenium\UtlFunction.ixx">
      <Filter>Hydrogenium</Filter>
    </ClCompile>
    <ClCompile Include="Hydrogenium\UtlKeyValues.ixx">
      <Filter>Hydrogenium</Filter>
    </ClCompile>
    <ClCompile Include="Hydrogenium\UtlLinearAlgebra.ixx">
      <Filter>Hydrogenium</Filter>
    </ClCompile>
    <ClCompile Include="Hydrogenium\UtlString.ixx">
      <Filter>Hydrogenium</Filter>
    </ClCompile>
    <ClCompile Include="Source\Namespaces\Overview.cpp">
      <Filter>Namespaces</Filter>
    </ClCompile>
    <ClCompile Include="Hydrogenium\UtlConcepts.ixx">
      <Filter>Hydrogenium</Filter>
    </ClCompile>
    <ClCompile Include="Source\Gui\Gui_Overview.cpp">
      <Filter>Gui</Filter>
    </ClCompile>
    <ClCompile Include="ImGuiFileDialog\ImGuiFileDialog.cpp">
      <Filter>ImGuiFileDialog</Filter>
    </ClCompile>
    <ClCompile Include="Hydrogenium\UtlWinConsole.ixx">
      <Filter>Hydrogenium</Filter>
    </ClCompile>
  </ItemGroup>
  <ItemGroup>
    <Filter Include="ImGui">
      <UniqueIdentifier>{11351d4f-36d4-41aa-90a6-b02e2eb964e8}</UniqueIdentifier>
    </Filter>
    <Filter Include="ImGui\backends">
      <UniqueIdentifier>{3ab5d4bb-f702-44e0-8263-cfda6f12905c}</UniqueIdentifier>
    </Filter>
    <Filter Include="ImGui\misc">
      <UniqueIdentifier>{7ebbcb5c-ae4f-4c9a-9d78-330e47671c89}</UniqueIdentifier>
    </Filter>
    <Filter Include="ImGui\misc\cpp">
      <UniqueIdentifier>{97f3fe08-c77b-4b9b-b78c-b359ff80e2ab}</UniqueIdentifier>
    </Filter>
    <Filter Include="ImGui\misc\debugger">
      <UniqueIdentifier>{105e5a08-a7b6-4192-900a-cf8e9b1d22f1}</UniqueIdentifier>
    </Filter>
    <Filter Include="ImGui\misc\freetype">
      <UniqueIdentifier>{fc53d1d5-da39-4378-8931-d7e93f92a22b}</UniqueIdentifier>
    </Filter>
    <Filter Include="Hydrogenium">
      <UniqueIdentifier>{5faf4b3d-7957-4c61-8566-c94bd41c19ca}</UniqueIdentifier>
    </Filter>
    <Filter Include="Classes">
      <UniqueIdentifier>{914cff61-d180-421f-b73b-a64aa8157daa}</UniqueIdentifier>
    </Filter>
    <Filter Include="Namespaces">
      <UniqueIdentifier>{d3536032-acd2-4eb3-a920-e40865812e87}</UniqueIdentifier>
    </Filter>
    <Filter Include="Gui">
      <UniqueIdentifier>{b858ce57-ebb6-4ec0-af63-577443da0bf4}</UniqueIdentifier>
    </Filter>
    <Filter Include="ImGuiFileDialog">
      <UniqueIdentifier>{bdae8cd2-e46a-49ab-8a28-e7bce6b97727}</UniqueIdentifier>
    </Filter>
  </ItemGroup>
  <ItemGroup>
    <ClInclude Include="imgui\imconfig.h">
      <Filter>ImGui</Filter>
    </ClInclude>
    <ClInclude Include="imgui\imgui.h">
      <Filter>ImGui</Filter>
    </ClInclude>
    <ClInclude Include="imgui\imgui_internal.h">
      <Filter>ImGui</Filter>
    </ClInclude>
    <ClInclude Include="imgui\imstb_rectpack.h">
      <Filter>ImGui</Filter>
    </ClInclude>
    <ClInclude Include="imgui\imstb_textedit.h">
      <Filter>ImGui</Filter>
    </ClInclude>
    <ClInclude Include="imgui\imstb_truetype.h">
      <Filter>ImGui</Filter>
    </ClInclude>
    <ClInclude Include="imgui\backends\imgui_impl_glfw.h">
      <Filter>ImGui\backends</Filter>
    </ClInclude>
    <ClInclude Include="imgui\backends\imgui_impl_opengl3.h">
      <Filter>ImGui\backends</Filter>
    </ClInclude>
    <ClInclude Include="imgui\backends\imgui_impl_opengl3_loader.h">
      <Filter>ImGui\backends</Filter>
    </ClInclude>
    <ClInclude Include="imgui\misc\cpp\imgui_stdlib.h">
      <Filter>ImGui\misc\cpp</Filter>
    </ClInclude>
    <ClInclude Include="imgui\misc\freetype\imgui_freetype.h">
      <Filter>ImGui\misc\freetype</Filter>
    </ClInclude>
    <ClInclude Include="Precompiled.hpp" />
    <ClInclude Include="Hydrogenium\ScopedEnumOperator.hpp">
      <Filter>Hydrogenium</Filter>
    </ClInclude>
    <ClInclude Include="Hydrogenium\UtlFormatter.hpp">
      <Filter>Hydrogenium</Filter>
    </ClInclude>
    <ClInclude Include="ImGuiFileDialog\ImGuiFileDialog.h">
      <Filter>ImGuiFileDialog</Filter>
    </ClInclude>
    <ClInclude Include="ImGuiFileDialog\ImGuiFileDialogConfig.h">
      <Filter>ImGuiFileDialog</Filter>
    </ClInclude>
  </ItemGroup>
  <ItemGroup>
    <Text Include="imgui\misc\cpp\README.txt">
      <Filter>ImGui\misc\cpp</Filter>
    </Text>
    <Text Include="imgui\misc\debuggers\README.txt">
      <Filter>ImGui\misc\debugger</Filter>
    </Text>
  </ItemGroup>
  <ItemGroup>
    <Natvis Include="imgui\misc\debuggers\imgui.natvis">
      <Filter>ImGui\misc\debugger</Filter>
    </Natvis>
  </ItemGroup>
  <ItemGroup>
    <None Include="imgui\misc\freetype\README.md">
      <Filter>ImGui\misc\freetype</Filter>
    </None>
  </ItemGroup>
</Project>